
Microsoft Visual Studio Solution File, Format Version 12.00
# Visual Studio Version 17
VisualStudioVersion = 17.6.33815.320
MinimumVisualStudioVersion = 10.0.40219.1
Project("{9A19103F-16F7-4668-BE54-9A1E7A4F7556}") = "ClockInAppLibrary", "ClockInAppLibrary\ClockInAppLibrary.csproj", "{8056F055-607A-4B6F-9D57-E578041CE0BC}"
EndProject
Project("{00D1A9C2-B5F0-4AF3-8072-F6C62B433612}") = "ClockInDb", "ClockInDb\ClockInDb.sqlproj", "{2BCAB432-FCBF-44CD-B9CF-9031F18C7D75}"
EndProject
Project("{FAE04EC0-301F-11D3-BF4B-00C04F79EFBC}") = "ClockInApp.Web", "ClockInApp.Web\ClockInApp.Web.csproj", "{A030524D-3667-46B8-9573-D004DBA691B3}"
EndProject
Global
	GlobalSection(SolutionConfigurationPlatforms) = preSolution
		Debug|Any CPU = Debug|Any CPU
		Release|Any CPU = Release|Any CPU
	EndGlobalSection
	GlobalSection(ProjectConfigurationPlatforms) = postSolution
		{8056F055-607A-4B6F-9D57-E578041CE0BC}.Debug|Any CPU.ActiveCfg = Debug|Any CPU
		{8056F055-607A-4B6F-9D57-E578041CE0BC}.Debug|Any CPU.Build.0 = Debug|Any CPU
		{8056F055-607A-4B6F-9D57-E578041CE0BC}.Release|Any CPU.ActiveCfg = Release|Any CPU
		{8056F055-607A-4B6F-9D57-E578041CE0BC}.Release|Any CPU.Build.0 = Release|Any CPU
		{2BCAB432-FCBF-44CD-B9CF-9031F18C7D75}.Debug|Any CPU.ActiveCfg = Debug|Any CPU
		{2BCAB432-FCBF-44CD-B9CF-9031F18C7D75}.Debug|Any CPU.Build.0 = Debug|Any CPU
		{2BCAB432-FCBF-44CD-B9CF-9031F18C7D75}.Debug|Any CPU.Deploy.0 = Debug|Any CPU
		{2BCAB432-FCBF-44CD-B9CF-9031F18C7D75}.Release|Any CPU.ActiveCfg = Release|Any CPU
		{2BCAB432-FCBF-44CD-B9CF-9031F18C7D75}.Release|Any CPU.Build.0 = Release|Any CPU
		{2BCAB432-FCBF-44CD-B9CF-9031F18C7D75}.Release|Any CPU.Deploy.0 = Release|Any CPU
		{A030524D-3667-46B8-9573-D004DBA691B3}.Debug|Any CPU.ActiveCfg = Debug|Any CPU
		{A030524D-3667-46B8-9573-D004DBA691B3}.Debug|Any CPU.Build.0 = Debug|Any CPU
		{A030524D-3667-46B8-9573-D004DBA691B3}.Release|Any CPU.ActiveCfg = Release|Any CPU
		{A030524D-3667-46B8-9573-D004DBA691B3}.Release|Any CPU.Build.0 = Release|Any CPU
	EndGlobalSection
	GlobalSection(SolutionProperties) = preSolution
		HideSolutionNode = FALSE
	EndGlobalSection
	GlobalSection(ExtensibilityGlobals) = postSolution
		SolutionGuid = {8EE33AAE-4521-46C2-BBD8-CF0CCFADB1B5}
	EndGlobalSection
EndGlobal
